lockfileVersion: '6.0'

settings:
  autoInstallPeers: true
  excludeLinksFromLockfile: false

importers:

  .:
    devDependencies:
      prettier:
        specifier: ^3.0.0
        version: 3.6.2
      rimraf:
        specifier: ^5.0.0
        version: 5.0.10

  packages/client:
    devDependencies:
      '@types/node':
        specifier: ^18.0.0
        version: 18.19.66
      '@types/react':
        specifier: ^18.2.0
        version: 18.3.14
      '@types/react-dom':
        specifier: ^18.2.0
        version: 18.3.1
      '@typescript-eslint/eslint-plugin':
        specifier: ^6.0.0
        version: 6.21.0(@typescript-eslint/parser@6.21.0(eslint@8.57.1)(typescript@5.7.2))(eslint@8.57.1)(typescript@5.7.2)
      '@typescript-eslint/parser':
        specifier: ^6.0.0
        version: 6.21.0(eslint@8.57.1)(typescript@5.7.2)
      '@vitejs/plugin-react':
        specifier: ^4.0.0
        version: 4.3.4(vite@6.0.7(@types/node@18.19.66))
      eslint:
        specifier: ^8.45.0
        version: 8.57.1
      eslint-plugin-react-hooks:
        specifier: ^4.6.0
        version: 4.6.2(eslint@8.57.1)
      eslint-plugin-react-refresh:
        specifier: ^0.4.7
        version: 0.4.16(eslint@8.57.1)
      typescript:
        specifier: ^5.0.2
        version: 5.7.2
      vite:
        specifier: ^5.3.4
        version: 6.0.7(@types/node@18.19.66)
      vitest:
        specifier: ^1.0.0
        version: 1.6.0(@types/node@18.19.66)

  packages/server:
    devDependencies:
      '@types/cors':
        specifier: ^2.8.13
        version: 2.8.17
      '@types/express':
        specifier: ^4.17.17
        version: 4.17.21
      '@types/multer':
        specifier: ^1.4.7
        version: 1.4.12
      '@types/node':
        specifier: ^18.0.0
        version: 18.19.66
      '@typescript-eslint/eslint-plugin':
        specifier: ^6.0.0
        version: 6.21.0(@typescript-eslint/parser@6.21.0(eslint@8.57.1)(typescript@5.7.2))(eslint@8.57.1)(typescript@5.7.2)
      '@typescript-eslint/parser':
        specifier: ^6.0.0
        version: 6.21.0(eslint@8.57.1)(typescript@5.7.2)
      eslint:
        specifier: ^8.45.0
        version: 8.57.1
      tsx:
        specifier: ^4.0.0
        version: 4.19.2
      typescript:
        specifier: ^5.0.2
        version: 5.7.2
      vitest:
        specifier: ^1.0.0
        version: 1.6.0(@types/node@18.19.66)

  packages/shared: {}

packages:

  '@babel/runtime@7.26.0':
    resolution: {integrity: sha512-FDSOghenHTiToteC/QRlv2q3DhPZ/oOXTBoirfWNx1Cx3TMVcGWQtMMmQcSvb/JjpNeGzx8Pq/b4fKEJuWm1sw==}
    engines: {node: '>=6.9.0'}
    dependencies:
      regenerator-runtime: 0.14.1

  '@esbuild/aix-ppc64@0.21.5':
    resolution: {integrity: sha512-1SDgH6ZSPTlggy1yI6+Dbkiz8xzpHJEVAlF/AM1tHPLsf5STom9rwtjE4hKAF20FfXXNTFqEYXyJNWh1GiZedQ==}
    engines: {node: '>=12'}
    cpu: [ppc64]
    os: [aix]

  '@esbuild/aix-ppc64@0.25.8':
    resolution: {integrity: sha512-lSKlnzI0vRLPgzhvLCtJhCKliZNNbYhOCTynyWIHjGxTnQdyDvd0BjBgaHfb2R1BI9zBKpj0W8MHGwvrnNgFHQ==}
    engines: {node: '>=18'}
    cpu: [ppc64]
    os: [aix]

  '@esbuild/android-arm@0.21.5':
    resolution: {integrity: sha512-vCPvzSjpPHEi1siHdj0W9oSnD7l+f8vtZ9FxGjIgLjYfIo1vqSFn0fLW7h6HIXKMw6aM6dQlmYKuADLi3WGdFw==}
    engines: {node: '>=12'}
    cpu: [arm]
    os: [android]

  '@esbuild/android-arm@0.25.8':
    resolution: {integrity: sha512-HdYGX7mDAGz27Cb1RjvZfkH3LcdFv8qTH3hn4xQKCEDf2sRdI5Xhf/p7LJWoK3sTFj8GBNiI8NqnKUajhG3I7nA==}
    engines: {node: '>=18'}
    cpu: [arm]
    os: [android]

[... truncated for brevity - this would be a very long lockfile with hundreds of package entries...]